NeoBundleLock vim-hemisu 37ea6aace110e1e70acb32a3ec6dc9b7ae9009bf
NeoBundleLock vim-scala 80a16cf8dc9eea18980fbe34a6d6dd3e1b6df290
NeoBundleLock ag.vim aa917105699973c04890210d48add2705c526edc
NeoBundleLock vim-unimpaired 3548479cc154154cbdbb6737ca08a47937cc7113
NeoBundleLock vim-protodef 5986a6b0a136d4c58f6599d3b0fce818cd934690
NeoBundleLock vim-github-colorscheme 37b0ca027f638f3349ed8fb99c54ab65b8e65c04
NeoBundleLock tomorrow-theme 0622b54a1947fe78402a95b01241ff35076c2451
NeoBundleLock vim-airline 401ce611c6f9b9e8be0857cf6094604033e1b717
NeoBundleLock ctrlp.vim b5d3fe66a58a13d2ff8b6391f4387608496a030f
NeoBundleLock julia-vim f68b890453f0a02194f4805a6c8d034d9b326652
NeoBundleLock tabular 60f25648814f0695eeb6c1040d97adca93c4e0bb
NeoBundleLock vim-sbt 8c6ad8584f3d7996b927488b9aba3df60f892796
NeoBundleLock vim-npl f55413c3f520506c8c278bf95056150de47a34ce
NeoBundleLock vim-go 2dd4316e8c2224372ada021977268853f6b58572
NeoBundleLock jellybeans.vim 0761708c890becd3e027551068e0ae272da003e0
NeoBundleLock vim-fugitive 2c8461db084d205903a792a23163faa546f143c9
NeoBundleLock vim-fswitch e716da1ee6f80ee859b36083e6d6c3d7617b72e7
NeoBundleLock EasyMotion bde4831d5c6922440651a3423c9b60116415f1db
NeoBundleLock rust.vim 0fd423990cfa69336fb6c1d5d58aa2091e7b4e76
NeoBundleLock nerdtree 3b98a7fcae8f9fff356907171f0406ff8cd28921
NeoBundleLock VisIncr 13e8538cf332fd131ebb60422b4a01d69078794b
NeoBundleLock command-t 3d640a8baa6d1934d2b5d5d0df059595413cdfaf
NeoBundleLock vim-surround fa433e0b7330753688f715f3be5d10dc480f20e5
NeoBundleLock vim-howdoi 479a6076e3983ee61489478b4931600b65baa179
NeoBundleLock vim-hocon 399dcd09804829c3d51cc2dcdef7a07e7b83056f
NeoBundleLock vim-colors-solarized 528a59f26d12278698bb946f8fb82a63711eec21
NeoBundleLock vim-addon-completion 80f717d68df5b0d7b32228229ddfd29c3e86e435
NeoBundleLock vim-json 427d9700ac2bf4822dff6ba8a95ad019e855ec17
NeoBundleLock TwitVim e8409b3452949a162879926b5e7af840a674c9f8
NeoBundleLock neobundle.vim a4c2ce81f007144e34a7064325d55b94beb04f0d
NeoBundleLock gnupg.vim d4b998a9d7e3312ca4134f3daa371c9d8400f6e5
NeoBundleLock xptemplate 2ea29a29c8f2d25f88fc325b3d1e3b5370aae562
NeoBundleLock vimprj a60b22b6c30cf1d35055543b3f7b20e23d140e58
NeoBundleLock gundo.vim 3975ac871565115e3769dc69c06bc88ddc1369af
NeoBundleLock DfrankUtil 37964e6be209de7aa74c49a1db546366f483a4f8
NeoBundleLock bufkill.vim 1beec8127b6b03ea931b8e9e973b65bb1e2d7cb0
